
Microsoft Visual Studio Solution File, Format Version 12.00
# Visual Studio Version 17
VisualStudioVersion = 17.5.33424.131
MinimumVisualStudioVersion = 10.0.40219.1
Project("{FAE04EC0-301F-11D3-BF4B-00C04F79EFBC}") = "BluetoothConnector", "BluetoothConnector\BluetoothConnector.csproj", "{6804F3F4-B92B-42F9-B245-E7904D7C2ED5}"
EndProject
Global
	GlobalSection(SolutionConfigurationPlatforms) = preSolution
		Debug|Any CPU = Debug|Any CPU
		Release|Any CPU = Release|Any CPU
	EndGlobalSection
	GlobalSection(ProjectConfigurationPlatforms) = postSolution
		{6804F3F4-B92B-42F9-B245-E7904D7C2ED5}.Debug|Any CPU.ActiveCfg = Debug|Any CPU
		{6804F3F4-B92B-42F9-B245-E7904D7C2ED5}.Debug|Any CPU.Build.0 = Debug|Any CPU
		{6804F3F4-B92B-42F9-B245-E7904D7C2ED5}.Release|Any CPU.ActiveCfg = Release|Any CPU
		{6804F3F4-B92B-42F9-B245-E7904D7C2ED5}.Release|Any CPU.Build.0 = Release|Any CPU
	EndGlobalSection
	GlobalSection(SolutionProperties) = preSolution
		HideSolutionNode = FALSE
	EndGlobalSection
	GlobalSection(ExtensibilityGlobals) = postSolution
		SolutionGuid = {C2778D50-F94C-4634-950F-D4F8CDEB2961}
	EndGlobalSection
EndGlobal
